// !$*UTF8*$!
{
	archiveVersion = 1;
	classes = {
	};
	objectVersion = 50;
	objects = {

/* Begin PBXBuildFile section */
		1C3CCD8F2456B12000C993EA /* AppDelegate.m in Sources */ = {isa = PBXBuildFile; fileRef = 1C3CCD8E2456B12000C993EA /* AppDelegate.m */; };
		1C3CCD952456B12000C993EA /* ViewController.m in Sources */ = {isa = PBXBuildFile; fileRef = 1C3CCD942456B12000C993EA /* ViewController.m */; };
		1C3CCD982456B12000C993EA /* Main.storyboard in Resources */ = {isa = PBXBuildFile; fileRef = 1C3CCD962456B12000C993EA /* Main.storyboard */; };
		1C3CCD9A2456B12200C993EA /* Assets.xcassets in Resources */ = {isa = PBXBuildFile; fileRef = 1C3CCD992456B12200C993EA /* Assets.xcassets */; };
		1C3CCD9D2456B12200C993EA /* LaunchScreen.storyboard in Resources */ = {isa = PBXBuildFile; fileRef = 1C3CCD9B2456B12200C993EA /* LaunchScreen.storyboard */; };
		1C3CCDA02456B12200C993EA /* main.m in Sources */ = {isa = PBXBuildFile; fileRef = 1C3CCD9F2456B12200C993EA /* main.m */; };
		1C3CCDA92456B2B100C993EA /* ZZLEDPulseMeasure.m in Sources */ = {isa = PBXBuildFile; fileRef = 1C3CCDA82456B2B100C993EA /* ZZLEDPulseMeasure.m */; };
		1C3CCDAC2456F3DA00C993EA /* Accelerate.framework in Frameworks */ = {isa = PBXBuildFile; fileRef = 1C3CCDAB2456F3DA00C993EA /* Accelerate.framework */; };
/* End PBXBuildFile section */

/* Begin PBXFileReference section */
		1C3CCD8A2456B12000C993EA /* LEDPulseMeasure.app */ = {isa = PBXFileReference; explicitFileType = wrapper.application; includeInIndex = 0; path = LEDPulseMeasure.app; sourceTree = BUILT_PRODUCTS_DIR; };
		1C3CCD8D2456B12000C993EA /* AppDelegate.h */ = {isa = PBXFileReference; lastKnownFileType = sourcecode.c.h; path = AppDelegate.h; sourceTree = "<group>"; };
		1C3CCD8E2456B12000C993EA /* AppDelegate.m */ = {isa = PBXFileReference; lastKnownFileType = sourcecode.c.objc; path = AppDelegate.m; sourceTree = "<group>"; };
		1C3CCD932456B12000C993EA /* ViewController.h */ = {isa = PBXFileReference; lastKnownFileType = sourcecode.c.h; path = ViewController.h; sourceTree = "<group>"; };
		1C3CCD942456B12000C993EA /* ViewController.m */ = {isa = PBXFileReference; lastKnownFileType = sourcecode.c.objc; path = ViewController.m; sourceTree = "<group>"; };
		1C3CCD972456B12000C993EA /* Base */ = {isa = PBXFileReference; lastKnownFileType = file.storyboard; name = Base; path = Base.lproj/Main.storyboard; sourceTree = "<group>"; };
		1C3CCD992456B12200C993EA /* Assets.xcassets */ = {isa = PBXFileReference; lastKnownFileType = folder.assetcatalog; path = Assets.xcassets; sourceTree = "<group>"; };
		1C3CCD9C2456B12200C993EA /* Base */ = {isa = PBXFileReference; lastKnownFileType = file.storyboard; name = Base; path = Base.lproj/LaunchScreen.storyboard; sourceTree = "<group>"; };
		1C3CCD9E2456B12200C993EA /* Info.plist */ = {isa = PBXFileReference; lastKnownFileType = text.plist.xml; path = Info.plist; sourceTree = "<group>"; };
		1C3CCD9F2456B12200C993EA /* main.m */ = {isa = PBXFileReference; lastKnownFileType = sourcecode.c.objc; path = main.m; sourceTree = "<group>"; };
		1C3CCDA72456B2B100C993EA /* ZZLEDPulseMeasure.h */ = {isa = PBXFileReference; lastKnownFileType = sourcecode.c.h; path = ZZLEDPulseMeasure.h; sourceTree = "<group>"; };
		1C3CCDA82456B2B100C993EA /* ZZLEDPulseMeasure.m */ = {isa = PBXFileReference; lastKnownFileType = sourcecode.c.objc; path = ZZLEDPulseMeasure.m; sourceTree = "<group>"; };
		1C3CCDAB2456F3DA00C993EA /* Accelerate.framework */ = {isa = PBXFileReference; lastKnownFileType = wrapper.framework; name = Accelerate.framework; path = System/Library/Frameworks/Accelerate.framework; sourceTree = SDKROOT; };
		1C3CCDAD2457DC2200C993EA /* TestFFT.h */ = {isa = PBXFileReference; lastKnownFileType = sourcecode.c.h; path = TestFFT.h; sourceTree = "<group>"; };
		1C3CCDAE2457DC2200C993EA /* TestFFT.m */ = {isa = PBXFileReference; lastKnownFileType = sourcecode.c.objc; path = TestFFT.m; sourceTree = "<group>"; };
/* End PBXFileReference section */

/* Begin PBXFrameworksBuildPhase section */
		1C3CCD872456B12000C993EA /* Frameworks */ = {
			isa = PBXFrameworksBuildPhase;
			buildActionMask = 2147483647;
			files = (
				1C3CCDAC2456F3DA00C993EA /* Accelerate.framework in Frameworks */,
			);
			runOnlyForDeploymentPostprocessing = 0;
		};
/* End PBXFrameworksBuildPhase section */

/* Begin PBXGroup section */
		1C3CCD812456B12000C993EA = {
			isa = PBXGroup;
			children = (
				1C3CCD8C2456B12000C993EA /* LEDPulseMeasure */,
				1C3CCD8B2456B12000C993EA /* Products */,
				1C3CCDAA2456F3DA00C993EA /* Frameworks */,
			);
			sourceTree = "<group>";
		};
		1C3CCD8B2456B12000C993EA /* Products */ = {
			isa = PBXGroup;
			children = (
				1C3CCD8A2456B12000C993EA /* LEDPulseMeasure.app */,
			);
			name = Products;
			sourceTree = "<group>";
		};
		1C3CCD8C2456B12000C993EA /* LEDPulseMeasure */ = {
			isa = PBXGroup;
			children = (
				1C3CCDA62456B1D400C993EA /* Camera */,
				1C3CCD8D2456B12000C993EA /* AppDelegate.h */,
				1C3CCD8E2456B12000C993EA /* AppDelegate.m */,
				1C3CCD932456B12000C993EA /* ViewController.h */,
				1C3CCD942456B12000C993EA /* ViewController.m */,
				1C3CCD962456B12000C993EA /* Main.storyboard */,
				1C3CCD992456B12200C993EA /* Assets.xcassets */,
				1C3CCD9B2456B12200C993EA /* LaunchScreen.storyboard */,
				1C3CCD9E2456B12200C993EA /* Info.plist */,
				1C3CCD9F2456B12200C993EA /* main.m */,
				1C3CCDAD2457DC2200C993EA /* TestFFT.h */,
				1C3CCDAE2457DC2200C993EA /* TestFFT.m */,
			);
			path = LEDPulseMeasure;
			sourceTree = "<group>";
		};
		1C3CCDA62456B1D400C993EA /* Camera */ = {
			isa = PBXGroup;
			children = (
				1C3CCDA72456B2B100C993EA /* ZZLEDPulseMeasure.h */,
				1C3CCDA82456B2B100C993EA /* ZZLEDPulseMeasure.m */,
			);
			path = Camera;
			sourceTree = "<group>";
		};
		1C3CCDAA2456F3DA00C993EA /* Frameworks */ = {
			isa = PBXGroup;
			children = (
				1C3CCDAB2456F3DA00C993EA /* Accelerate.framework */,
			);
			name = Frameworks;
			sourceTree = "<group>";
		};
/* End PBXGroup section */

/* Begin PBXNativeTarget section */
		1C3CCD892456B12000C993EA /* LEDPulseMeasure */ = {
			isa = PBXNativeTarget;
			buildConfigurationList = 1C3CCDA32456B12200C993EA /* Build configuration list for PBXNativeTarget "LEDPulseMeasure" */;
			buildPhases = (
				1C3CCD862456B12000C993EA /* Sources */,
				1C3CCD872456B12000C993EA /* Frameworks */,
				1C3CCD882456B12000C993EA /* Resources */,
			);
			buildRules = (
			);
			dependencies = (
			);
			name = LEDPulseMeasure;
			productName = LEDPulseMeasure;
			productReference = 1C3CCD8A2456B12000C993EA /* LEDPulseMeasure.app */;
			productType = "com.apple.product-type.application";
		};
/* End PBXNativeTarget section */

/* Begin PBXProject section */
		1C3CCD822456B12000C993EA /* Project object */ = {
			isa = PBXProject;
			attributes = {
				LastUpgradeCheck = 1130;
				ORGANIZATIONNAME = zjj;
				TargetAttributes = {
					1C3CCD892456B12000C993EA = {
						CreatedOnToolsVersion = 11.3.1;
					};
				};
			};
			buildConfigurationList = 1C3CCD852456B12000C993EA /* Build configuration list for PBXProject "LEDPulseMeasure" */;
			compatibilityVersion = "Xcode 9.3";
			developmentRegion = en;
			hasScannedForEncodings = 0;
			knownRegions = (
				en,
				Base,
			);
			mainGroup = 1C3CCD812456B12000C993EA;
			productRefGroup = 1C3CCD8B2456B12000C993EA /* Products */;
			projectDirPath = "";
			projectRoot = "";
			targets = (
				1C3CCD892456B12000C993EA /* LEDPulseMeasure */,
			);
		};
/* End PBXProject section */

/* Begin PBXResourcesBuildPhase section */
		1C3CCD882456B12000C993EA /* Resources */ = {
			isa = PBXResourcesBuildPhase;
			buildActionMask = 2147483647;
			files = (
				1C3CCD9D2456B12200C993EA /* LaunchScreen.storyboard in Resources */,
				1C3CCD9A2456B12200C993EA /* Assets.xcassets in Resources */,
				1C3CCD982456B12000C993EA /* Main.storyboard in Resources */,
			);
			runOnlyForDeploymentPostprocessing = 0;
		};
/* End PBXResourcesBuildPhase section */

/* Begin PBXSourcesBuildPhase section */
		1C3CCD862456B12000C993EA /* Sources */ = {
			isa = PBXSourcesBuildPhase;
			buildActionMask = 2147483647;
			files = (
				1C3CCD952456B12000C993EA /* ViewController.m in Sources */,
				1C3CCDA92456B2B100C993EA /* ZZLEDPulseMeasure.m in Sources */,
				1C3CCD8F2456B12000C993EA /* AppDelegate.m in Sources */,
				1C3CCDA02456B12200C993EA /* main.m in Sources */,
			);
			runOnlyForDeploymentPostprocessing = 0;
		};
/* End PBXSourcesBuildPhase section */

/* Begin PBXVariantGroup section */
		1C3CCD962456B12000C993EA /* Main.storyboard */ = {
			isa = PBXVariantGroup;
			children = (
				1C3CCD972456B12000C993EA /* Base */,
			);
			name = Main.storyboard;
			sourceTree = "<group>";
		};
		1C3CCD9B2456B12200C993EA /* LaunchScreen.storyboard */ = {
			isa = PBXVariantGroup;
			children = (
				1C3CCD9C2456B12200C993EA /* Base */,
			);
			name = LaunchScreen.storyboard;
			sourceTree = "<group>";
		};
/* End PBXVariantGroup section */

/* Begin XCBuildConfiguration section */
		1C3CCDA12456B12200C993EA /* Debug */ = {
			isa = XCBuildConfiguration;
			buildSettings = {
				ALWAYS_SEARCH_USER_PATHS = NO;
				CLANG_ANALYZER_NONNULL = YES;
				CLANG_ANALYZER_NUMBER_OBJECT_CONVERSION = YES_AGGRESSIVE;
				CLANG_CXX_LANGUAGE_STANDARD = "gnu++14";
				CLANG_CXX_LIBRARY = "libc++";
				CLANG_ENABLE_MODULES = YES;
				CLANG_ENABLE_OBJC_ARC = YES;
				CLANG_ENABLE_OBJC_WEAK = YES;
				CLANG_WARN_BLOCK_CAPTURE_AUTORELEASING = YES;
				CLANG_WARN_BOOL_CONVERSION = YES;
				CLANG_WARN_COMMA = YES;
				CLANG_WARN_CONSTANT_CONVERSION = YES;
				CLANG_WARN_DEPRECATED_OBJC_IMPLEMENTATIONS = YES;
				CLANG_WARN_DIRECT_OBJC_ISA_USAGE = YES_ERROR;
				CLANG_WARN_DOCUMENTATION_COMMENTS = YES;
				CLANG_WARN_EMPTY_BODY = YES;
				CLANG_WARN_ENUM_CONVERSION = YES;
				CLANG_WARN_INFINITE_RECURSION = YES;
				CLANG_WARN_INT_CONVERSION = YES;
				CLANG_WARN_NON_LITERAL_NULL_CONVERSION = YES;
				CLANG_WARN_OBJC_IMPLICIT_RETAIN_SELF = YES;
				CLANG_WARN_OBJC_LITERAL_CONVERSION = YES;
				CLANG_WARN_OBJC_ROOT_CLASS = YES_ERROR;
				CLANG_WARN_RANGE_LOOP_ANALYSIS = YES;
				CLANG_WARN_STRICT_PROTOTYPES = YES;
				CLANG_WARN_SUSPICIOUS_MOVE = YES;
				CLANG_WARN_UNGUARDED_AVAILABILITY = YES_AGGRESSIVE;
				CLANG_WARN_UNREACHABLE_CODE = YES;
				CLANG_WARN__DUPLICATE_METHOD_MATCH = YES;
				COPY_PHASE_STRIP = NO;
				DEBUG_INFORMATION_FORMAT = dwarf;
				ENABLE_STRICT_OBJC_MSGSEND = YES;
				ENABLE_TESTABILITY = YES;
				GCC_C_LANGUAGE_STANDARD = gnu11;
				GCC_DYNAMIC_NO_PIC = NO;
				GCC_NO_COMMON_BLOCKS = YES;
				GCC_OPTIMIZATION_LEVEL = 0;
				GCC_PREPROCESSOR_DEFINITIONS = (
					"DEBUG=1",
					"$(inherited)",
				);
				GCC_WARN_64_TO_32_BIT_CONVERSION = YES;
				GCC_WARN_ABOUT_RETURN_TYPE = YES_ERROR;
				GCC_WARN_UNDECLARED_SELECTOR = YES;
				GCC_WARN_UNINITIALIZED_AUTOS = YES_AGGRESSIVE;
				GCC_WARN_UNUSED_FUNCTION = YES;
				GCC_WARN_UNUSED_VARIABLE = YES;
				IPHONEOS_DEPLOYMENT_TARGET = 13.2;
				MTL_ENABLE_DEBUG_INFO = INCLUDE_SOURCE;
				MTL_FAST_MATH = YES;
				ONLY_ACTIVE_ARCH = YES;
				SDKROOT = iphoneos;
			};
			name = Debug;
		};
		1C3CCDA22456B12200C993EA /* Release */ = {
			isa = XCBuildConfiguration;
			buildSettings = {
				ALWAYS_SEARCH_USER_PATHS = NO;
				CLANG_ANALYZER_NONNULL = YES;
				CLANG_ANALYZER_NUMBER_OBJECT_CONVERSION = YES_AGGRESSIVE;
				CLANG_CXX_LANGUAGE_STANDARD = "gnu++14";
				CLANG_CXX_LIBRARY = "libc++";
				CLANG_ENABLE_MODULES = YES;
				CLANG_ENABLE_OBJC_ARC = YES;
				CLANG_ENABLE_OBJC_WEAK = YES;
				CLANG_WARN_BLOCK_CAPTURE_AUTORELEASING = YES;
				CLANG_WARN_BOOL_CONVERSION = YES;
				CLANG_WARN_COMMA = YES;
				CLANG_WARN_CONSTANT_CONVERSION = YES;
				CLANG_WARN_DEPRECATED_OBJC_IMPLEMENTATIONS = YES;
				CLANG_WARN_DIRECT_OBJC_ISA_USAGE = YES_ERROR;
				CLANG_WARN_DOCUMENTATION_COMMENTS = YES;
				CLANG_WARN_EMPTY_BODY = YES;
				CLANG_WARN_ENUM_CONVERSION = YES;
				CLANG_WARN_INFINITE_RECURSION = YES;
				CLANG_WARN_INT_CONVERSION = YES;
				CLANG_WARN_NON_LITERAL_NULL_CONVERSION = YES;
				CLANG_WARN_OBJC_IMPLICIT_RETAIN_SELF = YES;
				CLANG_WARN_OBJC_LITERAL_CONVERSION = YES;
				CLANG_WARN_OBJC_ROOT_CLASS = YES_ERROR;
				CLANG_WARN_RANGE_LOOP_ANALYSIS = YES;
				CLANG_WARN_STRICT_PROTOTYPES = YES;
				CLANG_WARN_SUSPICIOUS_MOVE = YES;
				CLANG_WARN_UNGUARDED_AVAILABILITY = YES_AGGRESSIVE;
				CLANG_WARN_UNREACHABLE_CODE = YES;
				CLANG_WARN__DUPLICATE_METHOD_MATCH = YES;
				COPY_PHASE_STRIP = NO;
				DEBUG_INFORMATION_FORMAT = "dwarf-with-dsym";
				ENABLE_NS_ASSERTIONS = NO;
				ENABLE_STRICT_OBJC_MSGSEND = YES;
				GCC_C_LANGUAGE_STANDARD = gnu11;
				GCC_NO_COMMON_BLOCKS = YES;
				GCC_WARN_64_TO_32_BIT_CONVERSION = YES;
				GCC_WARN_ABOUT_RETURN_TYPE = YES_ERROR;
				GCC_WARN_UNDECLARED_SELECTOR = YES;
				GCC_WARN_UNINITIALIZED_AUTOS = YES_AGGRESSIVE;
				GCC_WARN_UNUSED_FUNCTION = YES;
				GCC_WARN_UNUSED_VARIABLE = YES;
				IPHONEOS_DEPLOYMENT_TARGET = 13.2;
				MTL_ENABLE_DEBUG_INFO = NO;
				MTL_FAST_MATH = YES;
				SDKROOT = iphoneos;
				VALIDATE_PRODUCT = YES;
			};
			name = Release;
		};
		1C3CCDA42456B12200C993EA /* Debug */ = {
			isa = XCBuildConfiguration;
			buildSettings = {
				ASSETCATALOG_COMPILER_APPICON_NAME = AppIcon;
				CODE_SIGN_IDENTITY = "iPhone Developer";
				CODE_SIGN_STYLE = Manual;
				DEVELOPMENT_TEAM = NW3KV7KHV6;
				INFOPLIST_FILE = LEDPulseMeasure/Info.plist;
				IPHONEOS_DEPLOYMENT_TARGET = 11.0;
				LD_RUNPATH_SEARCH_PATHS = (
					"$(inherited)",
					"@executable_path/Frameworks",
				);
				PRODUCT_BUNDLE_IDENTIFIER = jam.studio.LEDPulseMeasure;
				PRODUCT_NAME = "$(TARGET_NAME)";
				PROVISIONING_PROFILE_SPECIFIER = DEV_XC_Wild;
				TARGETED_DEVICE_FAMILY = 1;
			};
			name = Debug;
		};
		1C3CCDA52456B12200C993EA /* Release */ = {
			isa = XCBuildConfiguration;
			buildSettings = {
				ASSETCATALOG_COMPILER_APPICON_NAME = AppIcon;
				CODE_SIGN_IDENTITY = "iPhone Developer";
				CODE_SIGN_STYLE = Manual;
				DEVELOPMENT_TEAM = NW3KV7KHV6;
				INFOPLIST_FILE = LEDPulseMeasure/Info.plist;
				IPHONEOS_DEPLOYMENT_TARGET = 11.0;
				LD_RUNPATH_SEARCH_PATHS = (
					"$(inherited)",
					"@executable_path/Frameworks",
				);
				PRODUCT_BUNDLE_IDENTIFIER = jam.studio.LEDPulseMeasure;
				PRODUCT_NAME = "$(TARGET_NAME)";
				PROVISIONING_PROFILE_SPECIFIER = DEV_XC_Wild;
				TARGETED_DEVICE_FAMILY = 1;
			};
			name = Release;
		};
/* End XCBuildConfiguration section */

/* Begin XCConfigurationList section */
		1C3CCD852456B12000C993EA /* Build configuration list for PBXProject "LEDPulseMeasure" */ = {
			isa = XCConfigurationList;
			buildConfigurations = (
				1C3CCDA12456B12200C993EA /* Debug */,
				1C3CCDA22456B12200C993EA /* Release */,
			);
			defaultConfigurationIsVisible = 0;
			defaultConfigurationName = Release;
		};
		1C3CCDA32456B12200C993EA /* Build configuration list for PBXNativeTarget "LEDPulseMeasure" */ = {
			isa = XCConfigurationList;
			buildConfigurations = (
				1C3CCDA42456B12200C993EA /* Debug */,
				1C3CCDA52456B12200C993EA /* Release */,
			);
			defaultConfigurationIsVisible = 0;
			defaultConfigurationName = Release;
		};
/* End XCConfigurationList section */
	};
	rootObject = 1C3CCD822456B12000C993EA /* Project object */;
}
